
Microsoft Visual Studio Solution File, Format Version 12.00
# Visual Studio Version 17
VisualStudioVersion = 17.8.34322.80
MinimumVisualStudioVersion = 10.0.40219.1
Project("{FAE04EC0-301F-11D3-BF4B-00C04F79EFBC}") = "ChuanHoaThoiGian", "ChuanHoaThoiGian.csproj", "{D2425BDA-6950-47E3-955D-76E2994CB2E8}"
EndProject
Project("{54435603-DBB4-11D2-8724-00A0C9A8B90C}") = "TimeProgram", "..\TimeProgram\TimeProgram.vdproj", "{B7CA6278-D4C7-4FF8-BC31-A2B05194F0D2}"
EndProject
Global
	GlobalSection(SolutionConfigurationPlatforms) = preSolution
		Debug|Any CPU = Debug|Any CPU
		Release|Any CPU = Release|Any CPU
	EndGlobalSection
	GlobalSection(ProjectConfigurationPlatforms) = postSolution
		{D2425BDA-6950-47E3-955D-76E2994CB2E8}.Debug|Any CPU.ActiveCfg = Debug|Any CPU
		{D2425BDA-6950-47E3-955D-76E2994CB2E8}.Debug|Any CPU.Build.0 = Debug|Any CPU
		{D2425BDA-6950-47E3-955D-76E2994CB2E8}.Release|Any CPU.ActiveCfg = Release|Any CPU
		{D2425BDA-6950-47E3-955D-76E2994CB2E8}.Release|Any CPU.Build.0 = Release|Any CPU
		{B7CA6278-D4C7-4FF8-BC31-A2B05194F0D2}.Debug|Any CPU.ActiveCfg = Debug
		{B7CA6278-D4C7-4FF8-BC31-A2B05194F0D2}.Release|Any CPU.ActiveCfg = Release
	EndGlobalSection
	GlobalSection(SolutionProperties) = preSolution
		HideSolutionNode = FALSE
	EndGlobalSection
	GlobalSection(ExtensibilityGlobals) = postSolution
		SolutionGuid = {C0DFD7B1-327F-4BCF-879C-CDA7F315DA39}
	EndGlobalSection
EndGlobal
